
Microsoft Visual Studio Solution File, Format Version 12.00
# Visual Studio Version 17
VisualStudioVersion = 17.9.34728.123
MinimumVisualStudioVersion = 10.0.40219.1
Project("{FAE04EC0-301F-11D3-BF4B-00C04F79EFBC}") = "CRM_Education_Center", "CRM_Education_Center\CRM_Education_Center.csproj", "{B560114E-DB6A-43ED-8826-4DEBCAA338C6}"
EndProject
Project("{FAE04EC0-301F-11D3-BF4B-00C04F79EFBC}") = "CRM_Education_Center.Domain", "CRM_Education_Center.Domain\CRM_Education_Center.Domain.csproj", "{8EE1A650-7FD6-439A-A92B-398ABC3E7A64}"
EndProject
Project("{FAE04EC0-301F-11D3-BF4B-00C04F79EFBC}") = "CRM_Education_Center.Data", "CRM_Education_Center.Data\CRM_Education_Center.Data.csproj", "{DCC4DAB2-BB7D-4FA1-83C7-A81CF603452F}"
EndProject
Global
	GlobalSection(SolutionConfigurationPlatforms) = preSolution
		Debug|Any CPU = Debug|Any CPU
		Release|Any CPU = Release|Any CPU
	EndGlobalSection
	GlobalSection(ProjectConfigurationPlatforms) = postSolution
		{B560114E-DB6A-43ED-8826-4DEBCAA338C6}.Debug|Any CPU.ActiveCfg = Debug|Any CPU
		{B560114E-DB6A-43ED-8826-4DEBCAA338C6}.Debug|Any CPU.Build.0 = Debug|Any CPU
		{B560114E-DB6A-43ED-8826-4DEBCAA338C6}.Release|Any CPU.ActiveCfg = Release|Any CPU
		{B560114E-DB6A-43ED-8826-4DEBCAA338C6}.Release|Any CPU.Build.0 = Release|Any CPU
		{8EE1A650-7FD6-439A-A92B-398ABC3E7A64}.Debug|Any CPU.ActiveCfg = Debug|Any CPU
		{8EE1A650-7FD6-439A-A92B-398ABC3E7A64}.Debug|Any CPU.Build.0 = Debug|Any CPU
		{8EE1A650-7FD6-439A-A92B-398ABC3E7A64}.Release|Any CPU.ActiveCfg = Release|Any CPU
		{8EE1A650-7FD6-439A-A92B-398ABC3E7A64}.Release|Any CPU.Build.0 = Release|Any CPU
		{DCC4DAB2-BB7D-4FA1-83C7-A81CF603452F}.Debug|Any CPU.ActiveCfg = Debug|Any CPU
		{DCC4DAB2-BB7D-4FA1-83C7-A81CF603452F}.Debug|Any CPU.Build.0 = Debug|Any CPU
		{DCC4DAB2-BB7D-4FA1-83C7-A81CF603452F}.Release|Any CPU.ActiveCfg = Release|Any CPU
		{DCC4DAB2-BB7D-4FA1-83C7-A81CF603452F}.Release|Any CPU.Build.0 = Release|Any CPU
	EndGlobalSection
	GlobalSection(SolutionProperties) = preSolution
		HideSolutionNode = FALSE
	EndGlobalSection
	GlobalSection(ExtensibilityGlobals) = postSolution
		SolutionGuid = {A41504E2-AECA-4584-9E54-056A81B8A3D8}
	EndGlobalSection
EndGlobal
